
Microsoft Visual Studio Solution File, Format Version 12.00
# Visual Studio Version 17
VisualStudioVersion = 17.9.34728.123
MinimumVisualStudioVersion = 10.0.40219.1
Project("{9A19103F-16F7-4668-BE54-9A1E7A4F7556}") = "MassivoProject.Server", "MassivoProject.Server\MassivoProject.Server.csproj", "{CC3E3CD2-D939-445E-B700-CCB6BBBBE32F}"
EndProject
Project("{54A90642-561A-4BB1-A94E-469ADEE60C69}") = "massivoproject.client", "massivoproject.client\massivoproject.client.esproj", "{AC1C4F62-A1C3-4F45-899C-89007E9509E8}"
EndProject
Project("{9A19103F-16F7-4668-BE54-9A1E7A4F7556}") = "Application", "Application\Application.csproj", "{2E3A0E9C-18E6-41CE-BB97-9D0B41984423}"
EndProject
Project("{9A19103F-16F7-4668-BE54-9A1E7A4F7556}") = "Domain", "Domain\Domain.csproj", "{B594E1CB-9358-4840-B610-D059A67BF68E}"
EndProject
Project("{9A19103F-16F7-4668-BE54-9A1E7A4F7556}") = "Infraestructure", "Infraestructure\Infraestructure.csproj", "{5DD92861-CCB9-47F2-84CF-BB125B38A22F}"
EndProject
Project("{FAE04EC0-301F-11D3-BF4B-00C04F79EFBC}") = "MassivoProject.Tests", "MassivoProject.Tests\MassivoProject.Tests.csproj", "{4551CB7D-5DC5-4DD0-94D3-D28D38175BA3}"
EndProject
Global
	GlobalSection(SolutionConfigurationPlatforms) = preSolution
		Debug|Any CPU = Debug|Any CPU
		Release|Any CPU = Release|Any CPU
	EndGlobalSection
	GlobalSection(ProjectConfigurationPlatforms) = postSolution
		{CC3E3CD2-D939-445E-B700-CCB6BBBBE32F}.Debug|Any CPU.ActiveCfg = Debug|Any CPU
		{CC3E3CD2-D939-445E-B700-CCB6BBBBE32F}.Debug|Any CPU.Build.0 = Debug|Any CPU
		{CC3E3CD2-D939-445E-B700-CCB6BBBBE32F}.Release|Any CPU.ActiveCfg = Release|Any CPU
		{CC3E3CD2-D939-445E-B700-CCB6BBBBE32F}.Release|Any CPU.Build.0 = Release|Any CPU
		{AC1C4F62-A1C3-4F45-899C-89007E9509E8}.Debug|Any CPU.ActiveCfg = Debug|Any CPU
		{AC1C4F62-A1C3-4F45-899C-89007E9509E8}.Debug|Any CPU.Build.0 = Debug|Any CPU
		{AC1C4F62-A1C3-4F45-899C-89007E9509E8}.Debug|Any CPU.Deploy.0 = Debug|Any CPU
		{AC1C4F62-A1C3-4F45-899C-89007E9509E8}.Release|Any CPU.ActiveCfg = Release|Any CPU
		{AC1C4F62-A1C3-4F45-899C-89007E9509E8}.Release|Any CPU.Build.0 = Release|Any CPU
		{AC1C4F62-A1C3-4F45-899C-89007E9509E8}.Release|Any CPU.Deploy.0 = Release|Any CPU
		{2E3A0E9C-18E6-41CE-BB97-9D0B41984423}.Debug|Any CPU.ActiveCfg = Debug|Any CPU
		{2E3A0E9C-18E6-41CE-BB97-9D0B41984423}.Debug|Any CPU.Build.0 = Debug|Any CPU
		{2E3A0E9C-18E6-41CE-BB97-9D0B41984423}.Release|Any CPU.ActiveCfg = Release|Any CPU
		{2E3A0E9C-18E6-41CE-BB97-9D0B41984423}.Release|Any CPU.Build.0 = Release|Any CPU
		{B594E1CB-9358-4840-B610-D059A67BF68E}.Debug|Any CPU.ActiveCfg = Debug|Any CPU
		{B594E1CB-9358-4840-B610-D059A67BF68E}.Debug|Any CPU.Build.0 = Debug|Any CPU
		{B594E1CB-9358-4840-B610-D059A67BF68E}.Release|Any CPU.ActiveCfg = Release|Any CPU
		{B594E1CB-9358-4840-B610-D059A67BF68E}.Release|Any CPU.Build.0 = Release|Any CPU
		{5DD92861-CCB9-47F2-84CF-BB125B38A22F}.Debug|Any CPU.ActiveCfg = Debug|Any CPU
		{5DD92861-CCB9-47F2-84CF-BB125B38A22F}.Debug|Any CPU.Build.0 = Debug|Any CPU
		{5DD92861-CCB9-47F2-84CF-BB125B38A22F}.Release|Any CPU.ActiveCfg = Release|Any CPU
		{5DD92861-CCB9-47F2-84CF-BB125B38A22F}.Release|Any CPU.Build.0 = Release|Any CPU
		{4551CB7D-5DC5-4DD0-94D3-D28D38175BA3}.Debug|Any CPU.ActiveCfg = Debug|Any CPU
		{4551CB7D-5DC5-4DD0-94D3-D28D38175BA3}.Debug|Any CPU.Build.0 = Debug|Any CPU
		{4551CB7D-5DC5-4DD0-94D3-D28D38175BA3}.Release|Any CPU.ActiveCfg = Release|Any CPU
		{4551CB7D-5DC5-4DD0-94D3-D28D38175BA3}.Release|Any CPU.Build.0 = Release|Any CPU
	EndGlobalSection
	GlobalSection(SolutionProperties) = preSolution
		HideSolutionNode = FALSE
	EndGlobalSection
	GlobalSection(ExtensibilityGlobals) = postSolution
		SolutionGuid = {9DF0D442-3ED5-49C7-B06F-74F75F8904AD}
	EndGlobalSection
EndGlobal
